
Microsoft Visual Studio Solution File, Format Version 12.00
# Visual Studio Version 17
VisualStudioVersion = 17.5.33530.505
MinimumVisualStudioVersion = 10.0.40219.1
Project("{FAE04EC0-301F-11D3-BF4B-00C04F79EFBC}") = "LanguageApp", "LanguageApp\LanguageApp.csproj", "{2286B751-D5D2-479C-908F-1230674F205C}"
EndProject
Global
	GlobalSection(SolutionConfigurationPlatforms) = preSolution
		Debug|Any CPU = Debug|Any CPU
		Release|Any CPU = Release|Any CPU
	EndGlobalSection
	GlobalSection(ProjectConfigurationPlatforms) = postSolution
		{2286B751-D5D2-479C-908F-1230674F205C}.Debug|Any CPU.ActiveCfg = Debug|Any CPU
		{2286B751-D5D2-479C-908F-1230674F205C}.Debug|Any CPU.Build.0 = Debug|Any CPU
		{2286B751-D5D2-479C-908F-1230674F205C}.Release|Any CPU.ActiveCfg = Release|Any CPU
		{2286B751-D5D2-479C-908F-1230674F205C}.Release|Any CPU.Build.0 = Release|Any CPU
	EndGlobalSection
	GlobalSection(SolutionProperties) = preSolution
		HideSolutionNode = FALSE
	EndGlobalSection
	GlobalSection(ExtensibilityGlobals) = postSolution
		SolutionGuid = {2484E1B5-9A84-4BAA-A657-AFC87640504D}
	EndGlobalSection
EndGlobal
